
Microsoft Visual Studio Solution File, Format Version 12.00
# Visual Studio Version 17
VisualStudioVersion = 17.2.32616.157
MinimumVisualStudioVersion = 10.0.40219.1
Project("{FAE04EC0-301F-11D3-BF4B-00C04F79EFBC}") = "LeaveMenagement.Web", "LeaveMenagement.Web\LeaveMenagement.Web.csproj", "{4A6787F9-0266-43AF-8B6C-E5FE7B29BB2A}"
EndProject
Global
	GlobalSection(SolutionConfigurationPlatforms) = preSolution
		Debug|Any CPU = Debug|Any CPU
		Release|Any CPU = Release|Any CPU
	EndGlobalSection
	GlobalSection(ProjectConfigurationPlatforms) = postSolution
		{4A6787F9-0266-43AF-8B6C-E5FE7B29BB2A}.Debug|Any CPU.ActiveCfg = Debug|Any CPU
		{4A6787F9-0266-43AF-8B6C-E5FE7B29BB2A}.Debug|Any CPU.Build.0 = Debug|Any CPU
		{4A6787F9-0266-43AF-8B6C-E5FE7B29BB2A}.Release|Any CPU.ActiveCfg = Release|Any CPU
		{4A6787F9-0266-43AF-8B6C-E5FE7B29BB2A}.Release|Any CPU.Build.0 = Release|Any CPU
	EndGlobalSection
	GlobalSection(SolutionProperties) = preSolution
		HideSolutionNode = FALSE
	EndGlobalSection
	GlobalSection(ExtensibilityGlobals) = postSolution
		SolutionGuid = {68D583E5-E128-4F31-BE7B-D96E33991418}
	EndGlobalSection
EndGlobal
